
Microsoft Visual Studio Solution File, Format Version 12.00
# Visual Studio 15
VisualStudioVersion = 15.0.28307.136
MinimumVisualStudioVersion = 10.0.40219.1
Project("{FAE04EC0-301F-11D3-BF4B-00C04F79EFBC}") = "DrCanoli", "DrCanoli\DrCanoli.csproj", "{851D407C-804B-46BB-BBE6-A02B95EB9382}"
EndProject
Global
	GlobalSection(SolutionConfigurationPlatforms) = preSolution
		Debug|x86 = Debug|x86
		Release|x86 = Release|x86
	EndGlobalSection
	GlobalSection(ProjectConfigurationPlatforms) = postSolution
		{851D407C-804B-46BB-BBE6-A02B95EB9382}.Debug|x86.ActiveCfg = Debug|x86
		{851D407C-804B-46BB-BBE6-A02B95EB9382}.Debug|x86.Build.0 = Debug|x86
		{851D407C-804B-46BB-BBE6-A02B95EB9382}.Release|x86.ActiveCfg = Release|x86
		{851D407C-804B-46BB-BBE6-A02B95EB9382}.Release|x86.Build.0 = Release|x86
	EndGlobalSection
	GlobalSection(SolutionProperties) = preSolution
		HideSolutionNode = FALSE
	EndGlobalSection
	GlobalSection(ExtensibilityGlobals) = postSolution
		SolutionGuid = {3E79E22E-6073-4AAD-A1F7-92DE3683C96D}
	EndGlobalSection
EndGlobal
